// !$*UTF8*$!
{
	archiveVersion = 1;
	classes = {
	};
	objectVersion = 46;
	objects = {

/* Begin PBXBuildFile section */
		0103433F1CCE554900B770C3 /* ParseHelper.swift in Sources */ = {isa = PBXBuildFile; fileRef = 0103433E1CCE554900B770C3 /* ParseHelper.swift */; };
		012CC1321CC7BBF200443FE1 /* FirstViewController.swift in Sources */ = {isa = PBXBuildFile; fileRef = 012CC1311CC7BBF200443FE1 /* FirstViewController.swift */; };
		01309AA31CBF7B7C0055018F /* Goal.swift in Sources */ = {isa = PBXBuildFile; fileRef = 01309AA11CBF7B7C0055018F /* Goal.swift */; };
		01309AA41CBF7B7C0055018F /* User.swift in Sources */ = {isa = PBXBuildFile; fileRef = 01309AA21CBF7B7C0055018F /* User.swift */; };
		01309AA61CBF90990055018F /* SignUp2ViewController.swift in Sources */ = {isa = PBXBuildFile; fileRef = 01309AA51CBF90990055018F /* SignUp2ViewController.swift */; };
		01309AAC1CBFAE630055018F /* tabBarViewController.swift in Sources */ = {isa = PBXBuildFile; fileRef = 01309AAB1CBFAE630055018F /* tabBarViewController.swift */; };
		01309AAE1CBFFDF40055018F /* NewGoalViewController.swift in Sources */ = {isa = PBXBuildFile; fileRef = 01309AAD1CBFFDF40055018F /* NewGoalViewController.swift */; };
		01309AB01CC120410055018F /* GoalViewController.swift in Sources */ = {isa = PBXBuildFile; fileRef = 01309AAF1CC120410055018F /* GoalViewController.swift */; };
		01309AB21CC12F890055018F /* NewGoalViewController2.swift in Sources */ = {isa = PBXBuildFile; fileRef = 01309AB11CC12F890055018F /* NewGoalViewController2.swift */; };
		0139173D1CC8586300401709 /* Post.swift in Sources */ = {isa = PBXBuildFile; fileRef = 0139173C1CC8586300401709 /* Post.swift */; };
		013917431CCA491200401709 /* PostTableViewCell.swift in Sources */ = {isa = PBXBuildFile; fileRef = 013917421CCA491200401709 /* PostTableViewCell.swift */; };
		01689B5D1CC6302C00E54113 /* NavigationController.swift in Sources */ = {isa = PBXBuildFile; fileRef = 01689B5C1CC6302C00E54113 /* NavigationController.swift */; };
		01689B661CC63E3F00E54113 /* GoalsCell.swift in Sources */ = {isa = PBXBuildFile; fileRef = 01689B651CC63E3F00E54113 /* GoalsCell.swift */; };
		01689B6F1CC6A29800E54113 /* GoalType.swift in Sources */ = {isa = PBXBuildFile; fileRef = 01689B6E1CC6A29800E54113 /* GoalType.swift */; };
		01689B711CC6A9C800E54113 /* ProfileViewController.swift in Sources */ = {isa = PBXBuildFile; fileRef = 01689B701CC6A9C800E54113 /* ProfileViewController.swift */; };
		016CCC041CB7C383007168E4 /* LoginViewController.swift in Sources */ = {isa = PBXBuildFile; fileRef = 016CCC031CB7C383007168E4 /* LoginViewController.swift */; };
		017F82DF1CA7D3B5006D5711 /* AppDelegate.swift in Sources */ = {isa = PBXBuildFile; fileRef = 017F82DE1CA7D3B5006D5711 /* AppDelegate.swift */; };
		017F82E41CA7D3B5006D5711 /* Main.storyboard in Resources */ = {isa = PBXBuildFile; fileRef = 017F82E21CA7D3B5006D5711 /* Main.storyboard */; };
		017F82E61CA7D3B5006D5711 /* Images.xcassets in Resources */ = {isa = PBXBuildFile; fileRef = 017F82E51CA7D3B5006D5711 /* Images.xcassets */; };
		017F82E91CA7D3B5006D5711 /* LaunchScreen.xib in Resources */ = {isa = PBXBuildFile; fileRef = 017F82E71CA7D3B5006D5711 /* LaunchScreen.xib */; };
		017F82F51CA7D3B5006D5711 /* RecoveryBuddyTests.swift in Sources */ = {isa = PBXBuildFile; fileRef = 017F82F41CA7D3B5006D5711 /* RecoveryBuddyTests.swift */; };
		017F83081CA7D9F5006D5711 /* SignUpViewController.swift in Sources */ = {isa = PBXBuildFile; fileRef = 017F83031CA7D9F5006D5711 /* SignUpViewController.swift */; };
		017F83091CA7D9F5006D5711 /* PartnerProfileViewController.swift in Sources */ = {isa = PBXBuildFile; fileRef = 017F83041CA7D9F5006D5711 /* PartnerProfileViewController.swift */; };
		017F830A1CA7D9F5006D5711 /* HomeViewController.swift in Sources */ = {isa = PBXBuildFile; fileRef = 017F83051CA7D9F5006D5711 /* HomeViewController.swift */; };
		017F830B1CA7D9F5006D5711 /* GoalsViewController.swift in Sources */ = {isa = PBXBuildFile; fileRef = 017F83061CA7D9F5006D5711 /* GoalsViewController.swift */; };
		017F830C1CA7D9F5006D5711 /* CalViewController.swift in Sources */ = {isa = PBXBuildFile; fileRef = 017F83071CA7D9F5006D5711 /* CalViewController.swift */; };
		0181E3931CCE459800F5A4D1 /* YLProgressBar.framework in Frameworks */ = {isa = PBXBuildFile; fileRef = 0181E3921CCE459800F5A4D1 /* YLProgressBar.framework */; };
		0188E6B51CCF5FA300E20B41 /* DayViewController.swift in Sources */ = {isa = PBXBuildFile; fileRef = 0188E6B41CCF5FA300E20B41 /* DayViewController.swift */; };
		01C5193B1CB588B6002A2095 /* PhotoTakingHelper.swift in Sources */ = {isa = PBXBuildFile; fileRef = 01C5193A1CB588B6002A2095 /* PhotoTakingHelper.swift */; };
		01C5193D1CB599A9002A2095 /* DiaryViewController.swift in Sources */ = {isa = PBXBuildFile; fileRef = 01C5193C1CB599A8002A2095 /* DiaryViewController.swift */; };
		01D05FAC1CCA5D7E000E6B92 /* newPostViewController.swift in Sources */ = {isa = PBXBuildFile; fileRef = 01D05FAB1CCA5D7E000E6B92 /* newPostViewController.swift */; };
		01D05FB01CCA9BC8000E6B92 /* PartnerSelectedPageViewController.swift in Sources */ = {isa = PBXBuildFile; fileRef = 01D05FAF1CCA9BC8000E6B92 /* PartnerSelectedPageViewController.swift */; };
		01D05FB21CCAD702000E6B92 /* UserPageViewController.swift in Sources */ = {isa = PBXBuildFile; fileRef = 01D05FB11CCAD702000E6B92 /* UserPageViewController.swift */; };
		01D05FB61CCD866C000E6B92 /* PushNotificationController.swift in Sources */ = {isa = PBXBuildFile; fileRef = 01D05FB51CCD866C000E6B92 /* PushNotificationController.swift */; };
		01D5A83F1CAA96CE00DD67CF /* CoreLocation.framework in Frameworks */ = {isa = PBXBuildFile; fileRef = 01D5A83E1CAA96CE00DD67CF /* CoreLocation.framework */; };
		01D5A8411CAA96D700DD67CF /* StoreKit.framework in Frameworks */ = {isa = PBXBuildFile; fileRef = 01D5A8401CAA96D700DD67CF /* StoreKit.framework */; };
		01D5A8431CAA96E300DD67CF /* SystemConfiguration.framework in Frameworks */ = {isa = PBXBuildFile; fileRef = 01D5A8421CAA96E300DD67CF /* SystemConfiguration.framework */; };
		01D5A8451CAA96EB00DD67CF /* libz.tbd in Frameworks */ = {isa = PBXBuildFile; fileRef = 01D5A8441CAA96EB00DD67CF /* libz.tbd */; };
		01D5A8471CAA96FC00DD67CF /* libsqlite3.tbd in Frameworks */ = {isa = PBXBuildFile; fileRef = 01D5A8461CAA96FC00DD67CF /* libsqlite3.tbd */; };
		01D5A8491CAA970600DD67CF /* Security.framework in Frameworks */ = {isa = PBXBuildFile; fileRef = 01D5A8481CAA970600DD67CF /* Security.framework */; };
		01D5A84B1CAA970F00DD67CF /* QuartzCore.framework in Frameworks */ = {isa = PBXBuildFile; fileRef = 01D5A84A1CAA970F00DD67CF /* QuartzCore.framework */; };
		01D5A84D1CAA971900DD67CF /* CoreGraphics.framework in Frameworks */ = {isa = PBXBuildFile; fileRef = 01D5A84C1CAA971900DD67CF /* CoreGraphics.framework */; };
		01D5A84F1CAA972200DD67CF /* CFNetwork.framework in Frameworks */ = {isa = PBXBuildFile; fileRef = 01D5A84E1CAA972200DD67CF /* CFNetwork.framework */; };
		01D5A8511CAA972D00DD67CF /* AudioToolbox.framework in Frameworks */ = {isa = PBXBuildFile; fileRef = 01D5A8501CAA972D00DD67CF /* AudioToolbox.framework */; };
		FEC22D5142AA5B217BD06221 /* Pods_RecoveryBuddy.framework in Frameworks */ = {isa = PBXBuildFile; fileRef = 86D238A5DBCD04BA9952A7C5 /* Pods_RecoveryBuddy.framework */; };
/* End PBXBuildFile section */

/* Begin PBXContainerItemProxy section */
		017F82EF1CA7D3B5006D5711 /* PBXContainerItemProxy */ = {
			isa = PBXContainerItemProxy;
			containerPortal = 017F82D11CA7D3B5006D5711 /* Project object */;
			proxyType = 1;
			remoteGlobalIDString = 017F82D81CA7D3B5006D5711;
			remoteInfo = RecoveryBuddy;
		};
/* End PBXContainerItemProxy section */

/* Begin PBXFileReference section */
		0103433E1CCE554900B770C3 /* ParseHelper.swift */ = {isa = PBXFileReference; fileEncoding = 4; lastKnownFileType = sourcecode.swift; path = ParseHelper.swift; sourceTree = "<group>"; };
		012CC1311CC7BBF200443FE1 /* FirstViewController.swift */ = {isa = PBXFileReference; fileEncoding = 4; lastKnownFileType = sourcecode.swift; path = FirstViewController.swift; sourceTree = "<group>"; };
		01309AA11CBF7B7C0055018F /* Goal.swift */ = {isa = PBXFileReference; fileEncoding = 4; lastKnownFileType = sourcecode.swift; path = Goal.swift; sourceTree = "<group>"; };
		01309AA21CBF7B7C0055018F /* User.swift */ = {isa = PBXFileReference; fileEncoding = 4; lastKnownFileType = sourcecode.swift; path = User.swift; sourceTree = "<group>"; };
		01309AA51CBF90990055018F /* SignUp2ViewController.swift */ = {isa = PBXFileReference; fileEncoding = 4; lastKnownFileType = sourcecode.swift; path = SignUp2ViewController.swift; sourceTree = "<group>"; };
		01309AAB1CBFAE630055018F /* tabBarViewController.swift */ = {isa = PBXFileReference; fileEncoding = 4; lastKnownFileType = sourcecode.swift; path = tabBarViewController.swift; sourceTree = "<group>"; };
		01309AAD1CBFFDF40055018F /* NewGoalViewController.swift */ = {isa = PBXFileReference; fileEncoding = 4; lastKnownFileType = sourcecode.swift; path = NewGoalViewController.swift; sourceTree = "<group>"; };
		01309AAF1CC120410055018F /* GoalViewController.swift */ = {isa = PBXFileReference; fileEncoding = 4; lastKnownFileType = sourcecode.swift; path = GoalViewController.swift; sourceTree = "<group>"; };
		01309AB11CC12F890055018F /* NewGoalViewController2.swift */ = {isa = PBXFileReference; fileEncoding = 4; lastKnownFileType = sourcecode.swift; path = NewGoalViewController2.swift; sourceTree = "<group>"; };
		0139173C1CC8586300401709 /* Post.swift */ = {isa = PBXFileReference; fileEncoding = 4; lastKnownFileType = sourcecode.swift; name = Post.swift; path = ../PhotoTaking/Post.swift; sourceTree = "<group>"; };
		013917421CCA491200401709 /* PostTableViewCell.swift */ = {isa = PBXFileReference; fileEncoding = 4; lastKnownFileType = sourcecode.swift; name = PostTableViewCell.swift; path = RecoveryBuddy/PostTableViewCell.swift; sourceTree = "<group>"; };
		01689B5C1CC6302C00E54113 /* NavigationController.swift */ = {isa = PBXFileReference; fileEncoding = 4; lastKnownFileType = sourcecode.swift; name = NavigationController.swift; path = RecoveryBuddy/NavigationController.swift; sourceTree = "<group>"; };
		01689B651CC63E3F00E54113 /* GoalsCell.swift */ = {isa = PBXFileReference; fileEncoding = 4; lastKnownFileType = sourcecode.swift; name = GoalsCell.swift; path = RecoveryBuddy/GoalsCell.swift; sourceTree = "<group>"; };
		01689B6E1CC6A29800E54113 /* GoalType.swift */ = {isa = PBXFileReference; fileEncoding = 4; lastKnownFileType = sourcecode.swift; path = GoalType.swift; sourceTree = "<group>"; };
		01689B701CC6A9C800E54113 /* ProfileViewController.swift */ = {isa = PBXFileReference; fileEncoding = 4; lastKnownFileType = sourcecode.swift; path = ProfileViewController.swift; sourceTree = "<group>"; };
		016CCC031CB7C383007168E4 /* LoginViewController.swift */ = {isa = PBXFileReference; fileEncoding = 4; lastKnownFileType = sourcecode.swift; path = LoginViewController.swift; sourceTree = "<group>"; };
		017F82D91CA7D3B5006D5711 /* RecoveryBuddy.app */ = {isa = PBXFileReference; explicitFileType = wrapper.application; includeInIndex = 0; path = RecoveryBuddy.app; sourceTree = BUILT_PRODUCTS_DIR; };
		017F82DD1CA7D3B5006D5711 /* Info.plist */ = {isa = PBXFileReference; lastKnownFileType = text.plist.xml; path = Info.plist; sourceTree = "<group>"; };
		017F82DE1CA7D3B5006D5711 /* AppDelegate.swift */ = {isa = PBXFileReference; lastKnownFileType = sourcecode.swift; name = AppDelegate.swift; path = ../AppDelegate.swift; sourceTree = "<group>"; };
		017F82E31CA7D3B5006D5711 /* Base */ = {isa = PBXFileReference; lastKnownFileType = file.storyboard; name = Base; path = Base.lproj/Main.storyboard; sourceTree = "<group>"; };
		017F82E51CA7D3B5006D5711 /* Images.xcassets */ = {isa = PBXFileReference; lastKnownFileType = folder.assetcatalog; path = Images.xcassets; sourceTree = "<group>"; };
		017F82E81CA7D3B5006D5711 /* Base */ = {isa = PBXFileReference; lastKnownFileType = file.xib; name = Base; path = Base.lproj/LaunchScreen.xib; sourceTree = "<group>"; };
		017F82EE1CA7D3B5006D5711 /* RecoveryBuddyTests.xctest */ = {isa = PBXFileReference; explicitFileType = wrapper.cfbundle; includeInIndex = 0; path = RecoveryBuddyTests.xctest; sourceTree = BUILT_PRODUCTS_DIR; };
		017F82F31CA7D3B5006D5711 /* Info.plist */ = {isa = PBXFileReference; lastKnownFileType = text.plist.xml; path = Info.plist; sourceTree = "<group>"; };
		017F82F41CA7D3B5006D5711 /* RecoveryBuddyTests.swift */ = {isa = PBXFileReference; lastKnownFileType = sourcecode.swift; path = RecoveryBuddyTests.swift; sourceTree = "<group>"; };
		017F83031CA7D9F5006D5711 /* SignUpViewController.swift */ = {isa = PBXFileReference; fileEncoding = 4; lastKnownFileType = sourcecode.swift; path = SignUpViewController.swift; sourceTree = "<group>"; };
		017F83041CA7D9F5006D5711 /* PartnerProfileViewController.swift */ = {isa = PBXFileReference; fileEncoding = 4; lastKnownFileType = sourcecode.swift; name = PartnerProfileViewController.swift; path = ../PartnerProfileViewController.swift; sourceTree = "<group>"; };
		017F83051CA7D9F5006D5711 /* HomeViewController.swift */ = {isa = PBXFileReference; fileEncoding = 4; lastKnownFileType = sourcecode.swift; path = HomeViewController.swift; sourceTree = "<group>"; };
		017F83061CA7D9F5006D5711 /* GoalsViewController.swift */ = {isa = PBXFileReference; fileEncoding = 4; lastKnownFileType = sourcecode.swift; path = GoalsViewController.swift; sourceTree = "<group>"; };
		017F83071CA7D9F5006D5711 /* CalViewController.swift */ = {isa = PBXFileReference; fileEncoding = 4; lastKnownFileType = sourcecode.swift; path = CalViewController.swift; sourceTree = "<group>"; };
		017F830D1CA7E3EE006D5711 /* RecoveryBuddy-Bridging-Header.h */ = {isa = PBXFileReference; lastKnownFileType = sourcecode.c.h; path = "RecoveryBuddy-Bridging-Header.h"; sourceTree = "<group>"; };
		0181E3921CCE459800F5A4D1 /* YLProgressBar.framework */ = {isa = PBXFileReference; lastKnownFileType = wrapper.framework; name = YLProgressBar.framework; path = "Pods/../build/Debug-iphoneos/YLProgressBar.framework"; sourceTree = "<group>"; };
		0188E6B41CCF5FA300E20B41 /* DayViewController.swift */ = {isa = PBXFileReference; fileEncoding = 4; lastKnownFileType = sourcecode.swift; name = DayViewController.swift; path = ../DayViewController.swift; sourceTree = "<group>"; };
		01C5193A1CB588B6002A2095 /* PhotoTakingHelper.swift */ = {isa = PBXFileReference; fileEncoding = 4; lastKnownFileType = sourcecode.swift; path = PhotoTakingHelper.swift; sourceTree = "<group>"; };
		01C5193C1CB599A8002A2095 /* DiaryViewController.swift */ = {isa = PBXFileReference; fileEncoding = 4; lastKnownFileType = sourcecode.swift; name = DiaryViewController.swift; path = RecoveryBuddy/DiaryViewController.swift; sourceTree = "<group>"; };
		01D05FA71CCA5593000E6B92 /* Bond.framework */ = {isa = PBXFileReference; lastKnownFileType = wrapper.framework; name = Bond.framework; path = "../../../Library/Developer/Xcode/DerivedData/RecoveryBuddy-flawryxaqsxbotfcgyoqdijeynjs/Build/Products/Debug-iphonesimulator/Bond.framework"; sourceTree = "<group>"; };
		01D05FAB1CCA5D7E000E6B92 /* newPostViewController.swift */ = {isa = PBXFileReference; fileEncoding = 4; lastKnownFileType = sourcecode.swift; path = newPostViewController.swift; sourceTree = "<group>"; };
		01D05FAF1CCA9BC8000E6B92 /* PartnerSelectedPageViewController.swift */ = {isa = PBXFileReference; fileEncoding = 4; lastKnownFileType = sourcecode.swift; name = PartnerSelectedPageViewController.swift; path = RecoveryBuddy/PartnerSelectedPageViewController.swift; sourceTree = "<group>"; };
		01D05FB11CCAD702000E6B92 /* UserPageViewController.swift */ = {isa = PBXFileReference; fileEncoding = 4; lastKnownFileType = sourcecode.swift; name = UserPageViewController.swift; path = RecoveryBuddy/UserPageViewController.swift; sourceTree = "<group>"; };
		01D05FB51CCD866C000E6B92 /* PushNotificationController.swift */ = {isa = PBXFileReference; fileEncoding = 4; lastKnownFileType = sourcecode.swift; name = PushNotificationController.swift; path = RecoveryBuddy/PushNotificationController.swift; sourceTree = SOURCE_ROOT; };
		01D5A83E1CAA96CE00DD67CF /* CoreLocation.framework */ = {isa = PBXFileReference; lastKnownFileType = wrapper.framework; name = CoreLocation.framework; path = System/Library/Frameworks/CoreLocation.framework; sourceTree = SDKROOT; };
		01D5A8401CAA96D700DD67CF /* StoreKit.framework */ = {isa = PBXFileReference; lastKnownFileType = wrapper.framework; name = StoreKit.framework; path = System/Library/Frameworks/StoreKit.framework; sourceTree = SDKROOT; };
		01D5A8421CAA96E300DD67CF /* SystemConfiguration.framework */ = {isa = PBXFileReference; lastKnownFileType = wrapper.framework; name = SystemConfiguration.framework; path = System/Library/Frameworks/SystemConfiguration.framework; sourceTree = SDKROOT; };
		01D5A8441CAA96EB00DD67CF /* libz.tbd */ = {isa = PBXFileReference; lastKnownFileType = "sourcecode.text-based-dylib-definition"; name = libz.tbd; path = usr/lib/libz.tbd; sourceTree = SDKROOT; };
		01D5A8461CAA96FC00DD67CF /* libsqlite3.tbd */ = {isa = PBXFileReference; lastKnownFileType = "sourcecode.text-based-dylib-definition"; name = libsqlite3.tbd; path = usr/lib/libsqlite3.tbd; sourceTree = SDKROOT; };
		01D5A8481CAA970600DD67CF /* Security.framework */ = {isa = PBXFileReference; lastKnownFileType = wrapper.framework; name = Security.framework; path = System/Library/Frameworks/Security.framework; sourceTree = SDKROOT; };
		01D5A84A1CAA970F00DD67CF /* QuartzCore.framework */ = {isa = PBXFileReference; lastKnownFileType = wrapper.framework; name = QuartzCore.framework; path = System/Library/Frameworks/QuartzCore.framework; sourceTree = SDKROOT; };
		01D5A84C1CAA971900DD67CF /* CoreGraphics.framework */ = {isa = PBXFileReference; lastKnownFileType = wrapper.framework; name = CoreGraphics.framework; path = System/Library/Frameworks/CoreGraphics.framework; sourceTree = SDKROOT; };
		01D5A84E1CAA972200DD67CF /* CFNetwork.framework */ = {isa = PBXFileReference; lastKnownFileType = wrapper.framework; name = CFNetwork.framework; path = System/Library/Frameworks/CFNetwork.framework; sourceTree = SDKROOT; };
		01D5A8501CAA972D00DD67CF /* AudioToolbox.framework */ = {isa = PBXFileReference; lastKnownFileType = wrapper.framework; name = AudioToolbox.framework; path = System/Library/Frameworks/AudioToolbox.framework; sourceTree = SDKROOT; };
		2BEBF2A43DE5F1A6CA797826 /* Pods-RecoveryBuddy.release.xcconfig */ = {isa = PBXFileReference; includeInIndex = 1; lastKnownFileType = text.xcconfig; name = "Pods-RecoveryBuddy.release.xcconfig"; path = "Pods/Target Support Files/Pods-RecoveryBuddy/Pods-RecoveryBuddy.release.xcconfig"; sourceTree = "<group>"; };
		86D238A5DBCD04BA9952A7C5 /* Pods_RecoveryBuddy.framework */ = {isa = PBXFileReference; explicitFileType = wrapper.framework; includeInIndex = 0; path = Pods_RecoveryBuddy.framework; sourceTree = BUILT_PRODUCTS_DIR; };
		EC2D781714A93E2D610D4A4E /* Pods-RecoveryBuddy.debug.xcconfig */ = {isa = PBXFileReference; includeInIndex = 1; lastKnownFileType = text.xcconfig; name = "Pods-RecoveryBuddy.debug.xcconfig"; path = "Pods/Target Support Files/Pods-RecoveryBuddy/Pods-RecoveryBuddy.debug.xcconfig"; sourceTree = "<group>"; };
/* End PBXFileReference section */

/* Begin PBXFrameworksBuildPhase section */
		017F82D61CA7D3B5006D5711 /* Frameworks */ = {
			isa = PBXFrameworksBuildPhase;
			buildActionMask = 2147483647;
			files = (
				0181E3931CCE459800F5A4D1 /* YLProgressBar.framework in Frameworks */,
				01D5A8511CAA972D00DD67CF /* AudioToolbox.framework in Frameworks */,
				01D5A84F1CAA972200DD67CF /* CFNetwork.framework in Frameworks */,
				01D5A84D1CAA971900DD67CF /* CoreGraphics.framework in Frameworks */,
				01D5A84B1CAA970F00DD67CF /* QuartzCore.framework in Frameworks */,
				01D5A8491CAA970600DD67CF /* Security.framework in Frameworks */,
				01D5A8471CAA96FC00DD67CF /* libsqlite3.tbd in Frameworks */,
				01D5A8451CAA96EB00DD67CF /* libz.tbd in Frameworks */,
				01D5A8431CAA96E300DD67CF /* SystemConfiguration.framework in Frameworks */,
				01D5A8411CAA96D700DD67CF /* StoreKit.framework in Frameworks */,
				01D5A83F1CAA96CE00DD67CF /* CoreLocation.framework in Frameworks */,
				FEC22D5142AA5B217BD06221 /* Pods_RecoveryBuddy.framework in Frameworks */,
			);
			runOnlyForDeploymentPostprocessing = 0;
		};
		017F82EB1CA7D3B5006D5711 /* Frameworks */ = {
			isa = PBXFrameworksBuildPhase;
			buildActionMask = 2147483647;
			files = (
			);
			runOnlyForDeploymentPostprocessing = 0;
		};
/* End PBXFrameworksBuildPhase section */

/* Begin PBXGroup section */
		01309AA01CBF7B7C0055018F /* Models */ = {
			isa = PBXGroup;
			children = (
				0139173C1CC8586300401709 /* Post.swift */,
				01309AA11CBF7B7C0055018F /* Goal.swift */,
				017F82DE1CA7D3B5006D5711 /* AppDelegate.swift */,
				01D05FB51CCD866C000E6B92 /* PushNotificationController.swift */,
				01309AA21CBF7B7C0055018F /* User.swift */,
			);
			path = Models;
			sourceTree = "<group>";
		};
		013917311CC84E7D00401709 /* Diary */ = {
			isa = PBXGroup;
			children = (
				01C5193C1CB599A8002A2095 /* DiaryViewController.swift */,
				0103433E1CCE554900B770C3 /* ParseHelper.swift */,
				01D05FAB1CCA5D7E000E6B92 /* newPostViewController.swift */,
				01C519391CB5887F002A2095 /* PhotoTaking */,
			);
			name = Diary;
			path = ..;
			sourceTree = "<group>";
		};
		01689B5A1CC55ACA00E54113 /* Goals */ = {
			isa = PBXGroup;
			children = (
				0188E6B41CCF5FA300E20B41 /* DayViewController.swift */,
				017F83061CA7D9F5006D5711 /* GoalsViewController.swift */,
				01309AAF1CC120410055018F /* GoalViewController.swift */,
				01309AAD1CBFFDF40055018F /* NewGoalViewController.swift */,
				01309AB11CC12F890055018F /* NewGoalViewController2.swift */,
			);
			name = Goals;
			sourceTree = "<group>";
		};
		01689B5B1CC60D0E00E54113 /* SignUP */ = {
			isa = PBXGroup;
			children = (
				01309AA51CBF90990055018F /* SignUp2ViewController.swift */,
				017F83031CA7D9F5006D5711 /* SignUpViewController.swift */,
			);
			name = SignUP;
			sourceTree = "<group>";
		};
		01689B601CC63A2800E54113 /* Partner */ = {
			isa = PBXGroup;
			children = (
				017F83041CA7D9F5006D5711 /* PartnerProfileViewController.swift */,
			);
			name = Partner;
			path = PhotoTaking;
			sourceTree = "<group>";
		};
		01689B611CC63A4200E54113 /* MainViewControllers */ = {
			isa = PBXGroup;
			children = (
				017F83071CA7D9F5006D5711 /* CalViewController.swift */,
				01309AAB1CBFAE630055018F /* tabBarViewController.swift */,
				017F83051CA7D9F5006D5711 /* HomeViewController.swift */,
				01689B701CC6A9C800E54113 /* ProfileViewController.swift */,
			);
			name = MainViewControllers;
			sourceTree = "<group>";
		};
		01689B621CC63A5700E54113 /* Login */ = {
			isa = PBXGroup;
			children = (
				016CCC031CB7C383007168E4 /* LoginViewController.swift */,
				012CC1311CC7BBF200443FE1 /* FirstViewController.swift */,
			);
			name = Login;
			sourceTree = "<group>";
		};
		01689B671CC63E4500E54113 /* Cells */ = {
			isa = PBXGroup;
			children = (
				01689B651CC63E3F00E54113 /* GoalsCell.swift */,
				013917421CCA491200401709 /* PostTableViewCell.swift */,
				01689B6E1CC6A29800E54113 /* GoalType.swift */,
			);
			name = Cells;
			path = ..;
			sourceTree = "<group>";
		};
		017F82D01CA7D3B5006D5711 = {
			isa = PBXGroup;
			children = (
				017F82E21CA7D3B5006D5711 /* Main.storyboard */,
				01D05FB11CCAD702000E6B92 /* UserPageViewController.swift */,
				01D05FAF1CCA9BC8000E6B92 /* PartnerSelectedPageViewController.swift */,
				01689B5C1CC6302C00E54113 /* NavigationController.swift */,
				017F82DB1CA7D3B5006D5711 /* RecoveryBuddy */,
				017F82F11CA7D3B5006D5711 /* RecoveryBuddyTests */,
				017F82DA1CA7D3B5006D5711 /* Products */,
				017F830D1CA7E3EE006D5711 /* RecoveryBuddy-Bridging-Header.h */,
				039C8D3EC52229C72C4CEC89 /* Pods */,
				91C45500D17FD51160952C9B /* Frameworks */,
			);
			sourceTree = "<group>";
		};
		017F82DA1CA7D3B5006D5711 /* Products */ = {
			isa = PBXGroup;
			children = (
				017F82D91CA7D3B5006D5711 /* RecoveryBuddy.app */,
				017F82EE1CA7D3B5006D5711 /* RecoveryBuddyTests.xctest */,
			);
			name = Products;
			sourceTree = "<group>";
		};
		017F82DB1CA7D3B5006D5711 /* RecoveryBuddy */ = {
			isa = PBXGroup;
			children = (
				013917311CC84E7D00401709 /* Diary */,
				01689B671CC63E4500E54113 /* Cells */,
				01689B601CC63A2800E54113 /* Partner */,
				01689B621CC63A5700E54113 /* Login */,
				01689B611CC63A4200E54113 /* MainViewControllers */,
				01689B5B1CC60D0E00E54113 /* SignUP */,
				01689B5A1CC55ACA00E54113 /* Goals */,
				01309AA01CBF7B7C0055018F /* Models */,
				017F82E51CA7D3B5006D5711 /* Images.xcassets */,
				017F82E71CA7D3B5006D5711 /* LaunchScreen.xib */,
				017F82DC1CA7D3B5006D5711 /* Supporting Files */,
			);
			path = RecoveryBuddy;
			sourceTree = "<group>";
		};
		017F82DC1CA7D3B5006D5711 /* Supporting Files */ = {
			isa = PBXGroup;
			children = (
				017F82DD1CA7D3B5006D5711 /* Info.plist */,
			);
			name = "Supporting Files";
			sourceTree = "<group>";
		};
		017F82F11CA7D3B5006D5711 /* RecoveryBuddyTests */ = {
			isa = PBXGroup;
			children = (
				017F82F41CA7D3B5006D5711 /* RecoveryBuddyTests.swift */,
				017F82F21CA7D3B5006D5711 /* Supporting Files */,
			);
			path = RecoveryBuddyTests;
			sourceTree = "<group>";
		};
		017F82F21CA7D3B5006D5711 /* Supporting Files */ = {
			isa = PBXGroup;
			children = (
				017F82F31CA7D3B5006D5711 /* Info.plist */,
			);
			name = "Supporting Files";
			sourceTree = "<group>";
		};
		01C519391CB5887F002A2095 /* PhotoTaking */ = {
			isa = PBXGroup;
			children = (
				01C5193A1CB588B6002A2095 /* PhotoTakingHelper.swift */,
			);
			name = PhotoTaking;
			path = RecoveryBuddy/PhotoTaking;
			sourceTree = "<group>";
		};
		039C8D3EC52229C72C4CEC89 /* Pods */ = {
			isa = PBXGroup;
			children = (
				EC2D781714A93E2D610D4A4E /* Pods-RecoveryBuddy.debug.xcconfig */,
				2BEBF2A43DE5F1A6CA797826 /* Pods-RecoveryBuddy.release.xcconfig */,
			);
			name = Pods;
			sourceTree = "<group>";
		};
		91C45500D17FD51160952C9B /* Frameworks */ = {
			isa = PBXGroup;
			children = (
				0181E3921CCE459800F5A4D1 /* YLProgressBar.framework */,
				01D05FA71CCA5593000E6B92 /* Bond.framework */,
				01D5A8501CAA972D00DD67CF /* AudioToolbox.framework */,
				01D5A84E1CAA972200DD67CF /* CFNetwork.framework */,
				01D5A84C1CAA971900DD67CF /* CoreGraphics.framework */,
				01D5A84A1CAA970F00DD67CF /* QuartzCore.framework */,
				01D5A8481CAA970600DD67CF /* Security.framework */,
				01D5A8461CAA96FC00DD67CF /* libsqlite3.tbd */,
				01D5A8441CAA96EB00DD67CF /* libz.tbd */,
				01D5A8421CAA96E300DD67CF /* SystemConfiguration.framework */,
				01D5A8401CAA96D700DD67CF /* StoreKit.framework */,
				01D5A83E1CAA96CE00DD67CF /* CoreLocation.framework */,
				86D238A5DBCD04BA9952A7C5 /* Pods_RecoveryBuddy.framework */,
			);
			name = Frameworks;
			sourceTree = "<group>";
		};
/* End PBXGroup section */

/* Begin PBXNativeTarget section */
		017F82D81CA7D3B5006D5711 /* RecoveryBuddy */ = {
			isa = PBXNativeTarget;
			buildConfigurationList = 017F82F81CA7D3B5006D5711 /* Build configuration list for PBXNativeTarget "RecoveryBuddy" */;
			buildPhases = (
				21D38EC43D6B87D969BBE284 /* Check Pods Manifest.lock */,
				017F82D51CA7D3B5006D5711 /* Sources */,
				017F82D61CA7D3B5006D5711 /* Frameworks */,
				017F82D71CA7D3B5006D5711 /* Resources */,
				38665B5786AA0342461833A1 /* Embed Pods Frameworks */,
				3D318EB5997D6C61A602DDEC /* Copy Pods Resources */,
			);
			buildRules = (
			);
			dependencies = (
			);
			name = RecoveryBuddy;
			productName = RecoveryBuddy;
			productReference = 017F82D91CA7D3B5006D5711 /* RecoveryBuddy.app */;
			productType = "com.apple.product-type.application";
		};
		017F82ED1CA7D3B5006D5711 /* RecoveryBuddyTests */ = {
			isa = PBXNativeTarget;
			buildConfigurationList = 017F82FB1CA7D3B5006D5711 /* Build configuration list for PBXNativeTarget "RecoveryBuddyTests" */;
			buildPhases = (
				017F82EA1CA7D3B5006D5711 /* Sources */,
				017F82EB1CA7D3B5006D5711 /* Frameworks */,
				017F82EC1CA7D3B5006D5711 /* Resources */,
			);
			buildRules = (
			);
			dependencies = (
				017F82F01CA7D3B5006D5711 /* PBXTargetDependency */,
			);
			name = RecoveryBuddyTests;
			productName = RecoveryBuddyTests;
			productReference = 017F82EE1CA7D3B5006D5711 /* RecoveryBuddyTests.xctest */;
			productType = "com.apple.product-type.bundle.unit-test";
		};
/* End PBXNativeTarget section */

/* Begin PBXProject section */
		017F82D11CA7D3B5006D5711 /* Project object */ = {
			isa = PBXProject;
			attributes = {
				LastSwiftMigration = 0730;
				LastSwiftUpdateCheck = 0730;
				LastUpgradeCheck = 0640;
				ORGANIZATIONNAME = "Wiem Ben Rim";
				TargetAttributes = {
					017F82D81CA7D3B5006D5711 = {
						CreatedOnToolsVersion = 6.4;
						DevelopmentTeam = LFV2R2NMND;
					};
					017F82ED1CA7D3B5006D5711 = {
						CreatedOnToolsVersion = 6.4;
						DevelopmentTeam = LFV2R2NMND;
						TestTargetID = 017F82D81CA7D3B5006D5711;
					};
				};
			};
			buildConfigurationList = 017F82D41CA7D3B5006D5711 /* Build configuration list for PBXProject "RecoveryBuddy" */;
			compatibilityVersion = "Xcode 3.2";
			developmentRegion = English;
			hasScannedForEncodings = 0;
			knownRegions = (
				en,
				Base,
				ar,
				ca,
				cs,
				da,
				de,
				el,
				en_GB,
				es,
				fi,
				fr,
				he,
				hr,
				hu,
				id,
				it,
				ja,
				ko,
				ms,
				nb,
				nl,
				pl,
				pt,
				pt_PT,
				ro,
				ru,
				sk,
				sv,
				th,
				tr,
				uk,
				vi,
				zh_CN,
				zh_TW,
			);
			mainGroup = 017F82D01CA7D3B5006D5711;
			productRefGroup = 017F82DA1CA7D3B5006D5711 /* Products */;
			projectDirPath = "";
			projectRoot = "";
			targets = (
				017F82D81CA7D3B5006D5711 /* RecoveryBuddy */,
				017F82ED1CA7D3B5006D5711 /* RecoveryBuddyTests */,
			);
		};
/* End PBXProject section */

/* Begin PBXResourcesBuildPhase section */
		017F82D71CA7D3B5006D5711 /* Resources */ = {
			isa = PBXResourcesBuildPhase;
			buildActionMask = 2147483647;
			files = (
				017F82E41CA7D3B5006D5711 /* Main.storyboard in Resources */,
				017F82E91CA7D3B5006D5711 /* LaunchScreen.xib in Resources */,
				017F82E61CA7D3B5006D5711 /* Images.xcassets in Resources */,
			);
			runOnlyForDeploymentPostprocessing = 0;
		};
		017F82EC1CA7D3B5006D5711 /* Resources */ = {
			isa = PBXResourcesBuildPhase;
			buildActionMask = 2147483647;
			files = (
			);
			runOnlyForDeploymentPostprocessing = 0;
		};
/* End PBXResourcesBuildPhase section */

/* Begin PBXShellScriptBuildPhase section */
		21D38EC43D6B87D969BBE284 /* Check Pods Manifest.lock */ = {
			isa = PBXShellScriptBuildPhase;
			buildActionMask = 2147483647;
			files = (
			);
			inputPaths = (
			);
			name = "Check Pods Manifest.lock";
			outputPaths = (
			);
			runOnlyForDeploymentPostprocessing = 0;
			shellPath = /bin/sh;
			shellScript = "diff \"${PODS_ROOT}/../Podfile.lock\" \"${PODS_ROOT}/Manifest.lock\" > /dev/null\nif [[ $? != 0 ]] ; then\n    cat << EOM\nerror: The sandbox is not in sync with the Podfile.lock. Run 'pod install' or update your CocoaPods installation.\nEOM\n    exit 1\nfi\n";
			showEnvVarsInLog = 0;
		};
		38665B5786AA0342461833A1 /* Embed Pods Frameworks */ = {
			isa = PBXShellScriptBuildPhase;
			buildActionMask = 2147483647;
			files = (
			);
			inputPaths = (
			);
			name = "Embed Pods Frameworks";
			outputPaths = (
			);
			runOnlyForDeploymentPostprocessing = 0;
			shellPath = /bin/sh;
			shellScript = "\"${SRCROOT}/Pods/Target Support Files/Pods-RecoveryBuddy/Pods-RecoveryBuddy-frameworks.sh\"\n";
			showEnvVarsInLog = 0;
		};
		3D318EB5997D6C61A602DDEC /* Copy Pods Resources */ = {
			isa = PBXShellScriptBuildPhase;
			buildActionMask = 2147483647;
			files = (
			);
			inputPaths = (
			);
			name = "Copy Pods Resources";
			outputPaths = (
			);
			runOnlyForDeploymentPostprocessing = 0;
			shellPath = /bin/sh;
			shellScript = "\"${SRCROOT}/Pods/Target Support Files/Pods-RecoveryBuddy/Pods-RecoveryBuddy-resources.sh\"\n";
			showEnvVarsInLog = 0;
		};
/* End PBXShellScriptBuildPhase section */

/* Begin PBXSourcesBuildPhase section */
		017F82D51CA7D3B5006D5711 /* Sources */ = {
			isa = PBXSourcesBuildPhase;
			buildActionMask = 2147483647;
			files = (
				01689B661CC63E3F00E54113 /* GoalsCell.swift in Sources */,
				0139173D1CC8586300401709 /* Post.swift in Sources */,
				01309AB01CC120410055018F /* GoalViewController.swift in Sources */,
				017F830A1CA7D9F5006D5711 /* HomeViewController.swift in Sources */,
				01C5193D1CB599A9002A2095 /* DiaryViewController.swift in Sources */,
				01309AAE1CBFFDF40055018F /* NewGoalViewController.swift in Sources */,
				01309AA61CBF90990055018F /* SignUp2ViewController.swift in Sources */,
				012CC1321CC7BBF200443FE1 /* FirstViewController.swift in Sources */,
				01689B711CC6A9C800E54113 /* ProfileViewController.swift in Sources */,
				0103433F1CCE554900B770C3 /* ParseHelper.swift in Sources */,
				01309AB21CC12F890055018F /* NewGoalViewController2.swift in Sources */,
				01D05FB61CCD866C000E6B92 /* PushNotificationController.swift in Sources */,
				017F83081CA7D9F5006D5711 /* SignUpViewController.swift in Sources */,
				01689B6F1CC6A29800E54113 /* GoalType.swift in Sources */,
				01C5193B1CB588B6002A2095 /* PhotoTakingHelper.swift in Sources */,
				01D05FAC1CCA5D7E000E6B92 /* newPostViewController.swift in Sources */,
				01D05FB21CCAD702000E6B92 /* UserPageViewController.swift in Sources */,
				017F82DF1CA7D3B5006D5711 /* AppDelegate.swift in Sources */,
				013917431CCA491200401709 /* PostTableViewCell.swift in Sources */,
				01689B5D1CC6302C00E54113 /* NavigationController.swift in Sources */,
				01D05FB01CCA9BC8000E6B92 /* PartnerSelectedPageViewController.swift in Sources */,
				01309AA31CBF7B7C0055018F /* Goal.swift in Sources */,
				017F83091CA7D9F5006D5711 /* PartnerProfileViewController.swift in Sources */,
				01309AAC1CBFAE630055018F /* tabBarViewController.swift in Sources */,
				0188E6B51CCF5FA300E20B41 /* DayViewController.swift in Sources */,
				01309AA41CBF7B7C0055018F /* User.swift in Sources */,
				017F830C1CA7D9F5006D5711 /* CalViewController.swift in Sources */,
				016CCC041CB7C383007168E4 /* LoginViewController.swift in Sources */,
				017F830B1CA7D9F5006D5711 /* GoalsViewController.swift in Sources */,
			);
			runOnlyForDeploymentPostprocessing = 0;
		};
		017F82EA1CA7D3B5006D5711 /* Sources */ = {
			isa = PBXSourcesBuildPhase;
			buildActionMask = 2147483647;
			files = (
				017F82F51CA7D3B5006D5711 /* RecoveryBuddyTests.swift in Sources */,
			);
			runOnlyForDeploymentPostprocessing = 0;
		};
/* End PBXSourcesBuildPhase section */

/* Begin PBXTargetDependency section */
		017F82F01CA7D3B5006D5711 /* PBXTargetDependency */ = {
			isa = PBXTargetDependency;
			target = 017F82D81CA7D3B5006D5711 /* RecoveryBuddy */;
			targetProxy = 017F82EF1CA7D3B5006D5711 /* PBXContainerItemProxy */;
		};
/* End PBXTargetDependency section */

/* Begin PBXVariantGroup section */
		017F82E21CA7D3B5006D5711 /* Main.storyboard */ = {
			isa = PBXVariantGroup;
			children = (
				017F82E31CA7D3B5006D5711 /* Base */,
			);
			name = Main.storyboard;
			path = RecoveryBuddy;
			sourceTree = "<group>";
		};
		017F82E71CA7D3B5006D5711 /* LaunchScreen.xib */ = {
			isa = PBXVariantGroup;
			children = (
				017F82E81CA7D3B5006D5711 /* Base */,
			);
			name = LaunchScreen.xib;
			sourceTree = "<group>";
		};
/* End PBXVariantGroup section */

/* Begin XCBuildConfiguration section */
		017F82F61CA7D3B5006D5711 /* Debug */ = {
			isa = XCBuildConfiguration;
			buildSettings = {
				ALWAYS_SEARCH_USER_PATHS = NO;
				CLANG_CXX_LANGUAGE_STANDARD = "gnu++0x";
				CLANG_CXX_LIBRARY = "libc++";
				CLANG_ENABLE_MODULES = YES;
				CLANG_ENABLE_OBJC_ARC = YES;
				CLANG_WARN_BOOL_CONVERSION = YES;
				CLANG_WARN_CONSTANT_CONVERSION = YES;
				CLANG_WARN_DIRECT_OBJC_ISA_USAGE = YES_ERROR;
				CLANG_WARN_EMPTY_BODY = YES;
				CLANG_WARN_ENUM_CONVERSION = YES;
				CLANG_WARN_INT_CONVERSION = YES;
				CLANG_WARN_OBJC_ROOT_CLASS = YES_ERROR;
				CLANG_WARN_UNREACHABLE_CODE = YES;
				CLANG_WARN__DUPLICATE_METHOD_MATCH = YES;
				"CODE_SIGN_IDENTITY[sdk=iphoneos*]" = "iPhone Developer: Wiem Ben Rim (U9Y9SYA6K3)";
				COPY_PHASE_STRIP = NO;
				DEBUG_INFORMATION_FORMAT = "dwarf-with-dsym";
				ENABLE_STRICT_OBJC_MSGSEND = YES;
				GCC_C_LANGUAGE_STANDARD = gnu99;
				GCC_DYNAMIC_NO_PIC = NO;
				GCC_NO_COMMON_BLOCKS = YES;
				GCC_OPTIMIZATION_LEVEL = 0;
				GCC_PREPROCESSOR_DEFINITIONS = (
					"DEBUG=1",
					"$(inherited)",
				);
				GCC_SYMBOLS_PRIVATE_EXTERN = NO;
				GCC_WARN_64_TO_32_BIT_CONVERSION = YES;
				GCC_WARN_ABOUT_RETURN_TYPE = YES_ERROR;
				GCC_WARN_UNDECLARED_SELECTOR = YES;
				GCC_WARN_UNINITIALIZED_AUTOS = YES_AGGRESSIVE;
				GCC_WARN_UNUSED_FUNCTION = YES;
				GCC_WARN_UNUSED_VARIABLE = YES;
				IPHONEOS_DEPLOYMENT_TARGET = 8.0;
				MTL_ENABLE_DEBUG_INFO = YES;
				ONLY_ACTIVE_ARCH = YES;
				PROVISIONING_PROFILE = "de9bca45-08a0-4b55-988b-100c7cf9522e";
				SDKROOT = iphoneos;
				SWIFT_OPTIMIZATION_LEVEL = "-Onone";
			};
			name = Debug;
		};
		017F82F71CA7D3B5006D5711 /* Release */ = {
			isa = XCBuildConfiguration;
			buildSettings = {
				ALWAYS_SEARCH_USER_PATHS = NO;
				CLANG_CXX_LANGUAGE_STANDARD = "gnu++0x";
				CLANG_CXX_LIBRARY = "libc++";
				CLANG_ENABLE_MODULES = YES;
				CLANG_ENABLE_OBJC_ARC = YES;
				CLANG_WARN_BOOL_CONVERSION = YES;
				CLANG_WARN_CONSTANT_CONVERSION = YES;
				CLANG_WARN_DIRECT_OBJC_ISA_USAGE = YES_ERROR;
				CLANG_WARN_EMPTY_BODY = YES;
				CLANG_WARN_ENUM_CONVERSION = YES;
				CLANG_WARN_INT_CONVERSION = YES;
				CLANG_WARN_OBJC_ROOT_CLASS = YES_ERROR;
				CLANG_WARN_UNREACHABLE_CODE = YES;
				CLANG_WARN__DUPLICATE_METHOD_MATCH = YES;
				"CODE_SIGN_IDENTITY[sdk=iphoneos*]" = "iPhone Developer: Wiem Ben Rim (U9Y9SYA6K3)";
				COPY_PHASE_STRIP = NO;
				DEBUG_INFORMATION_FORMAT = "dwarf-with-dsym";
				ENABLE_NS_ASSERTIONS = NO;
				ENABLE_STRICT_OBJC_MSGSEND = YES;
				GCC_C_LANGUAGE_STANDARD = gnu99;
				GCC_NO_COMMON_BLOCKS = YES;
				GCC_WARN_64_TO_32_BIT_CONVERSION = YES;
				GCC_WARN_ABOUT_RETURN_TYPE = YES_ERROR;
				GCC_WARN_UNDECLARED_SELECTOR = YES;
				GCC_WARN_UNINITIALIZED_AUTOS = YES_AGGRESSIVE;
				GCC_WARN_UNUSED_FUNCTION = YES;
				GCC_WARN_UNUSED_VARIABLE = YES;
				IPHONEOS_DEPLOYMENT_TARGET = 8.0;
				MTL_ENABLE_DEBUG_INFO = NO;
				PROVISIONING_PROFILE = "de9bca45-08a0-4b55-988b-100c7cf9522e";
				SDKROOT = iphoneos;
				VALIDATE_PRODUCT = YES;
			};
			name = Release;
		};
		017F82F91CA7D3B5006D5711 /* Debug */ = {
			isa = XCBuildConfiguration;
			baseConfigurationReference = EC2D781714A93E2D610D4A4E /* Pods-RecoveryBuddy.debug.xcconfig */;
			buildSettings = {
				ASSETCATALOG_COMPILER_APPICON_NAME = AppIcon;
				CLANG_ENABLE_MODULES = YES;
				CODE_SIGN_IDENTITY = "iPhone Developer";
				"CODE_SIGN_IDENTITY[sdk=iphoneos*]" = "iPhone Developer";
				FRAMEWORK_SEARCH_PATHS = (
					"$(inherited)",
					/Users/Wiem/Desktop/RecBud,
					"$(PROJECT_DIR)",
					/Users/Wiem/Desktop/Writing/Projects/research,
					paper/iStalker/iStalk2,
					3/Frameworks,
					"$(PROJECT_DIR)/build/Debug-iphoneos",
				);
				INFOPLIST_FILE = RecoveryBuddy/Info.plist;
				IPHONEOS_DEPLOYMENT_TARGET = 8.0;
				LD_RUNPATH_SEARCH_PATHS = "$(inherited) @executable_path/Frameworks";
				LIBRARY_SEARCH_PATHS = (
					"$(inherited)",
					"$(PROJECT_DIR)/build/Debug-iphoneos",
				);
				PRODUCT_BUNDLE_IDENTIFIER = com.RecoveryBuddy.253;
				PRODUCT_NAME = "$(TARGET_NAME)";
				PROVISIONING_PROFILE = "";
				SWIFT_OBJC_BRIDGING_HEADER = "RecoveryBuddy-Bridging-Header.h";
				SWIFT_OPTIMIZATION_LEVEL = "-Onone";
			};
			name = Debug;
		};
		017F82FA1CA7D3B5006D5711 /* Release */ = {
			isa = XCBuildConfiguration;
			baseConfigurationReference = 2BEBF2A43DE5F1A6CA797826 /* Pods-RecoveryBuddy.release.xcconfig */;
			buildSettings = {
				ASSETCATALOG_COMPILER_APPICON_NAME = AppIcon;
				CLANG_ENABLE_MODULES = YES;
				CODE_SIGN_IDENTITY = "iPhone Developer";
				"CODE_SIGN_IDENTITY[sdk=iphoneos*]" = "iPhone Developer";
				FRAMEWORK_SEARCH_PATHS = (
					"$(inherited)",
					/Users/Wiem/Desktop/RecBud,
					"$(PROJECT_DIR)",
					/Users/Wiem/Desktop/Writing/Projects/research,
					paper/iStalker/iStalk2,
					3/Frameworks,
					"$(PROJECT_DIR)/build/Debug-iphoneos",
				);
				INFOPLIST_FILE = RecoveryBuddy/Info.plist;
				IPHONEOS_DEPLOYMENT_TARGET = 8.0;
				LD_RUNPATH_SEARCH_PATHS = "$(inherited) @executable_path/Frameworks";
				LIBRARY_SEARCH_PATHS = (
					"$(inherited)",
					"$(PROJECT_DIR)/build/Debug-iphoneos",
				);
				PRODUCT_BUNDLE_IDENTIFIER = com.RecoveryBuddy.253;
				PRODUCT_NAME = "$(TARGET_NAME)";
				PROVISIONING_PROFILE = "";
				SWIFT_OBJC_BRIDGING_HEADER = "RecoveryBuddy-Bridging-Header.h";
			};
			name = Release;
		};
		017F82FC1CA7D3B5006D5711 /* Debug */ = {
			isa = XCBuildConfiguration;
			buildSettings = {
				BUNDLE_LOADER = "$(TEST_HOST)";
				CODE_SIGN_IDENTITY = "iPhone Developer";
				"CODE_SIGN_IDENTITY[sdk=iphoneos*]" = "iPhone Developer";
				FRAMEWORK_SEARCH_PATHS = (
					"$(SDKROOT)/Developer/Library/Frameworks",
					"$(inherited)",
				);
				GCC_PREPROCESSOR_DEFINITIONS = (
					"DEBUG=1",
					"$(inherited)",
				);
				INFOPLIST_FILE = RecoveryBuddyTests/Info.plist;
				LD_RUNPATH_SEARCH_PATHS = "$(inherited) @executable_path/Frameworks @loader_path/Frameworks";
				PRODUCT_NAME = "$(TARGET_NAME)";
				PROVISIONING_PROFILE = "";
				TEST_HOST = "$(BUILT_PRODUCTS_DIR)/RecoveryBuddy.app/RecoveryBuddy";
			};
			name = Debug;
		};
		017F82FD1CA7D3B5006D5711 /* Release */ = {
			isa = XCBuildConfiguration;
			buildSettings = {
				BUNDLE_LOADER = "$(TEST_HOST)";
				CODE_SIGN_IDENTITY = "iPhone Developer";
				"CODE_SIGN_IDENTITY[sdk=iphoneos*]" = "iPhone Developer";
				FRAMEWORK_SEARCH_PATHS = (
					"$(SDKROOT)/Developer/Library/Frameworks",
					"$(inherited)",
				);
				INFOPLIST_FILE = RecoveryBuddyTests/Info.plist;
				LD_RUNPATH_SEARCH_PATHS = "$(inherited) @executable_path/Frameworks @loader_path/Frameworks";
				PRODUCT_NAME = "$(TARGET_NAME)";
				PROVISIONING_PROFILE = "";
				TEST_HOST = "$(BUILT_PRODUCTS_DIR)/RecoveryBuddy.app/RecoveryBuddy";
			};
			name = Release;
		};
/* End XCBuildConfiguration section */

/* Begin XCConfigurationList section */
		017F82D41CA7D3B5006D5711 /* Build configuration list for PBXProject "RecoveryBuddy" */ = {
			isa = XCConfigurationList;
			buildConfigurations = (
				017F82F61CA7D3B5006D5711 /* Debug */,
				017F82F71CA7D3B5006D5711 /* Release */,
			);
			defaultConfigurationIsVisible = 0;
			defaultConfigurationName = Release;
		};
		017F82F81CA7D3B5006D5711 /* Build configuration list for PBXNativeTarget "RecoveryBuddy" */ = {
			isa = XCConfigurationList;
			buildConfigurations = (
				017F82F91CA7D3B5006D5711 /* Debug */,
				017F82FA1CA7D3B5006D5711 /* Release */,
			);
			defaultConfigurationIsVisible = 0;
			defaultConfigurationName = Release;
		};
		017F82FB1CA7D3B5006D5711 /* Build configuration list for PBXNativeTarget "RecoveryBuddyTests" */ = {
			isa = XCConfigurationList;
			buildConfigurations = (
				017F82FC1CA7D3B5006D5711 /* Debug */,
				017F82FD1CA7D3B5006D5711 /* Release */,
			);
			defaultConfigurationIsVisible = 0;
			defaultConfigurationName = Release;
		};
/* End XCConfigurationList section */
	};
	rootObject = 017F82D11CA7D3B5006D5711 /* Project object */;
}
